PODS:
  - AFNetworking (4.0.1):
    - AFNetworking/NSURLSession (= 4.0.1)
    - AFNetworking/Reachability (= 4.0.1)
    - AFNetworking/Security (= 4.0.1)
    - AFNetworking/Serialization (= 4.0.1)
    - AFNetworking/UIKit (= 4.0.1)
  - AFNetworking/NSURLSession (4.0.1):
    - AFNetworking/Reachability
    - AFNetworking/Security
    - AFNetworking/Serialization
  - AFNetworking/Reachability (4.0.1)
  - AFNetworking/Security (4.0.1)
  - AFNetworking/Serialization (4.0.1)
  - AFNetworking/UIKit (4.0.1):
    - AFNetworking/NSURLSession
  - AliyunOSSiOS (2.10.7)
  - Bugly (2.5.71)
  - IQKeyboardManager (6.5.6)
  - JCore (2.4.0)
  - JPush (3.4.0):
    - JCore (< 3.0.0, >= 2.0.0)
  - Masonry (1.1.0)
  - MBProgressHUD (1.2.0)
  - MJRefresh (3.5.0)
  - SDWebImage (5.10.2):
    - SDWebImage/Core (= 5.10.2)
  - SDWebImage/Core (5.10.2)
  - TZImagePickerController (3.5.8)
  - UMAPM (1.1.0)
  - UMCCommon (7.2.5):
    - UMAPM
    - UMDevice
  - UMCSecurityPlugins (1.0.6)
  - UMCShare/Core (6.10.1):
    - UMCCommon
  - UMCShare/Social/ReducedQQ (6.10.1):
    - UMCCommon
    - UMCShare/Core
  - UMCShare/Social/ReducedWeChat (6.10.1):
    - UMCCommon
    - UMCShare/Core
  - UMCShare/UI (6.10.1):
    - UMCCommon
    - UMCShare/Core
  - UMDevice (1.1.0)
  - WechatOpenSDK (1.8.7.1)
  - YYModel (1.0.4)

DEPENDENCIES:
  - AFNetworking
  - AliyunOSSiOS (= 2.10.7)
  - Bugly
  - IQKeyboardManager
  - JPush
  - Masonry
  - MBProgressHUD
  - MJRefresh
  - SDWebImage
  - TZImagePickerController
  - UMCCommon
  - UMCSecurityPlugins
  - UMCShare/Social/ReducedQQ
  - UMCShare/Social/ReducedWeChat
  - UMCShare/UI
  - WechatOpenSDK
  - YYModel

SPEC REPOS:
  trunk:
    - AFNetworking
    - AliyunOSSiOS
    - Bugly
    - IQKeyboardManager
    - JCore
    - JPush
    - Masonry
    - MBProgressHUD
    - MJRefresh
    - SDWebImage
    - TZImagePickerController
    - UMAPM
    - UMCCommon
    - UMCSecurityPlugins
    - UMCShare
    - UMDevice
    - WechatOpenSDK
    - YYModel

SPEC CHECKSUMS:
  AFNetworking: 7864c38297c79aaca1500c33288e429c3451fdce
  AliyunOSSiOS: 602b6a4e70e62a5f0a6431c20496343141d7e66f
  Bugly: fd066c75c4a0eca1440f9b6a84bd37d51bfc85ac
  IQKeyboardManager: 2a6e97afdafc7becf0cb17a9a8d795e3a980717f
  JCore: a29e4b0ee54e1301446dc02d8e1c350404108b34
  JPush: defaa108c38806f6efdcfaf4c416854d25fca8e5
  Masonry: 678fab65091a9290e40e2832a55e7ab731aad201
  MBProgressHUD: 3ee5efcc380f6a79a7cc9b363dd669c5e1ae7406
  MJRefresh: 6afc955813966afb08305477dd7a0d9ad5e79a16
  SDWebImage: b969dcfc02c40a5da71eac0b03b8f1a0c794a86f
  TZImagePickerController: 7fd9702897ef8c0b7c951e5463f4bcf398296f9e
  UMAPM: 2b966cff744dccdd9e2ed99efafce280be30833c
  UMCCommon: f7480d316381612f90cdde3a3c0f39a7e2c0a788
  UMCSecurityPlugins: 0831a08f3988f3cea9f1d3a7626cd9bee4fef150
  UMCShare: 0846449c689e8bf6793a941b97f51f9afff927ef
  UMDevice: 28d21a568c8e8322e5a03bbd53b138d0c098d3b3
  WechatOpenSDK: 6a4d1436c15b3b5fe2a0bd383f3046010186da44
  YYModel: 2a7fdd96aaa4b86a824e26d0c517de8928c04b30

PODFILE CHECKSUM: 8d755825f2bf56007e2ae748d2fe7ecae195424d

COCOAPODS: 1.9.1
